
Microsoft Visual Studio Solution File, Format Version 12.00
# Visual Studio 2013
VisualStudioVersion = 12.0.31101.0
MinimumVisualStudioVersion = 10.0.40219.1
Project("{FAE04EC0-301F-11D3-BF4B-00C04F79EFBC}") = "OAuthSample", "OAuthSample\OAuthSample\OAuthSample.csproj", "{24A93E02-9020-4179-B7A9-D2FE8BB2C476}"
EndProject
Project("{FAE04EC0-301F-11D3-BF4B-00C04F79EFBC}") = "OAuthSample.iOS", "OAuthSample\OAuthSample.iOS\OAuthSample.iOS.csproj", "{94AF37D5-4F39-4408-B0BA-8E5548616CD3}"
EndProject
Project("{FAE04EC0-301F-11D3-BF4B-00C04F79EFBC}") = "OAuthSample.Droid", "OAuthSample\OAuthSample.Droid\OAuthSample.Droid.csproj", "{481A6DC1-FC10-4949-B760-2B03E5582FBD}"
EndProject
Global
	GlobalSection(SolutionConfigurationPlatforms) = preSolution
		Ad-Hoc|Any CPU = Ad-Hoc|Any CPU
		Ad-Hoc|ARM = Ad-Hoc|ARM
		Ad-Hoc|iPhone = Ad-Hoc|iPhone
		Ad-Hoc|iPhoneSimulator = Ad-Hoc|iPhoneSimulator
		Ad-Hoc|Mixed Platforms = Ad-Hoc|Mixed Platforms
		Ad-Hoc|x86 = Ad-Hoc|x86
		AppStore|Any CPU = AppStore|Any CPU
		AppStore|ARM = AppStore|ARM
		AppStore|iPhone = AppStore|iPhone
		AppStore|iPhoneSimulator = AppStore|iPhoneSimulator
		AppStore|Mixed Platforms = AppStore|Mixed Platforms
		AppStore|x86 = AppStore|x86
		Debug|Any CPU = Debug|Any CPU
		Debug|ARM = Debug|ARM
		Debug|iPhone = Debug|iPhone
		Debug|iPhoneSimulator = Debug|iPhoneSimulator
		Debug|Mixed Platforms = Debug|Mixed Platforms
		Debug|x86 = Debug|x86
		Release|Any CPU = Release|Any CPU
		Release|ARM = Release|ARM
		Release|iPhone = Release|iPhone
		Release|iPhoneSimulator = Release|iPhoneSimulator
		Release|Mixed Platforms = Release|Mixed Platforms
		Release|x86 = Release|x86
	EndGlobalSection
	GlobalSection(ProjectConfigurationPlatforms) = postSolution
		{24A93E02-9020-4179-B7A9-D2FE8BB2C476}.Ad-Hoc|Any CPU.ActiveCfg = Release|Any CPU
		{24A93E02-9020-4179-B7A9-D2FE8BB2C476}.Ad-Hoc|Any CPU.Build.0 = Release|Any CPU
		{24A93E02-9020-4179-B7A9-D2FE8BB2C476}.Ad-Hoc|ARM.ActiveCfg = Release|Any CPU
		{24A93E02-9020-4179-B7A9-D2FE8BB2C476}.Ad-Hoc|iPhone.ActiveCfg = Release|Any CPU
		{24A93E02-9020-4179-B7A9-D2FE8BB2C476}.Ad-Hoc|iPhoneSimulator.ActiveCfg = Release|Any CPU
		{24A93E02-9020-4179-B7A9-D2FE8BB2C476}.Ad-Hoc|Mixed Platforms.ActiveCfg = Release|Any CPU
		{24A93E02-9020-4179-B7A9-D2FE8BB2C476}.Ad-Hoc|Mixed Platforms.Build.0 = Release|Any CPU
		{24A93E02-9020-4179-B7A9-D2FE8BB2C476}.Ad-Hoc|x86.ActiveCfg = Release|Any CPU
		{24A93E02-9020-4179-B7A9-D2FE8BB2C476}.AppStore|Any CPU.ActiveCfg = Release|Any CPU
		{24A93E02-9020-4179-B7A9-D2FE8BB2C476}.AppStore|Any CPU.Build.0 = Release|Any CPU
		{24A93E02-9020-4179-B7A9-D2FE8BB2C476}.AppStore|ARM.ActiveCfg = Release|Any CPU
		{24A93E02-9020-4179-B7A9-D2FE8BB2C476}.AppStore|iPhone.ActiveCfg = Release|Any CPU
		{24A93E02-9020-4179-B7A9-D2FE8BB2C476}.AppStore|iPhoneSimulator.ActiveCfg = Release|Any CPU
		{24A93E02-9020-4179-B7A9-D2FE8BB2C476}.AppStore|Mixed Platforms.ActiveCfg = Release|Any CPU
		{24A93E02-9020-4179-B7A9-D2FE8BB2C476}.AppStore|Mixed Platforms.Build.0 = Release|Any CPU
		{24A93E02-9020-4179-B7A9-D2FE8BB2C476}.AppStore|x86.ActiveCfg = Release|Any CPU
		{24A93E02-9020-4179-B7A9-D2FE8BB2C476}.Debug|Any CPU.ActiveCfg = Debug|Any CPU
		{24A93E02-9020-4179-B7A9-D2FE8BB2C476}.Debug|Any CPU.Build.0 = Debug|Any CPU
		{24A93E02-9020-4179-B7A9-D2FE8BB2C476}.Debug|ARM.ActiveCfg = Debug|Any CPU
		{24A93E02-9020-4179-B7A9-D2FE8BB2C476}.Debug|iPhone.ActiveCfg = Debug|Any CPU
		{24A93E02-9020-4179-B7A9-D2FE8BB2C476}.Debug|iPhoneSimulator.ActiveCfg = Debug|Any CPU
		{24A93E02-9020-4179-B7A9-D2FE8BB2C476}.Debug|Mixed Platforms.ActiveCfg = Debug|Any CPU
		{24A93E02-9020-4179-B7A9-D2FE8BB2C476}.Debug|Mixed Platforms.Build.0 = Debug|Any CPU
		{24A93E02-9020-4179-B7A9-D2FE8BB2C476}.Debug|x86.ActiveCfg = Debug|Any CPU
		{24A93E02-9020-4179-B7A9-D2FE8BB2C476}.Release|Any CPU.ActiveCfg = Release|Any CPU
		{24A93E02-9020-4179-B7A9-D2FE8BB2C476}.Release|Any CPU.Build.0 = Release|Any CPU
		{24A93E02-9020-4179-B7A9-D2FE8BB2C476}.Release|ARM.ActiveCfg = Release|Any CPU
		{24A93E02-9020-4179-B7A9-D2FE8BB2C476}.Release|iPhone.ActiveCfg = Release|Any CPU
		{24A93E02-9020-4179-B7A9-D2FE8BB2C476}.Release|iPhoneSimulator.ActiveCfg = Release|Any CPU
		{24A93E02-9020-4179-B7A9-D2FE8BB2C476}.Release|Mixed Platforms.ActiveCfg = Release|Any CPU
		{24A93E02-9020-4179-B7A9-D2FE8BB2C476}.Release|Mixed Platforms.Build.0 = Release|Any CPU
		{24A93E02-9020-4179-B7A9-D2FE8BB2C476}.Release|x86.ActiveCfg = Release|Any CPU
		{94AF37D5-4F39-4408-B0BA-8E5548616CD3}.Ad-Hoc|Any CPU.ActiveCfg = Ad-Hoc|iPhone
		{94AF37D5-4F39-4408-B0BA-8E5548616CD3}.Ad-Hoc|ARM.ActiveCfg = Ad-Hoc|iPhone
		{94AF37D5-4F39-4408-B0BA-8E5548616CD3}.Ad-Hoc|iPhone.ActiveCfg = Ad-Hoc|iPhone
		{94AF37D5-4F39-4408-B0BA-8E5548616CD3}.Ad-Hoc|iPhone.Build.0 = Ad-Hoc|iPhone
		{94AF37D5-4F39-4408-B0BA-8E5548616CD3}.Ad-Hoc|iPhoneSimulator.ActiveCfg = Ad-Hoc|iPhoneSimulator
		{94AF37D5-4F39-4408-B0BA-8E5548616CD3}.Ad-Hoc|iPhoneSimulator.Build.0 = Ad-Hoc|iPhoneSimulator
		{94AF37D5-4F39-4408-B0BA-8E5548616CD3}.Ad-Hoc|Mixed Platforms.ActiveCfg = Ad-Hoc|iPhone
		{94AF37D5-4F39-4408-B0BA-8E5548616CD3}.Ad-Hoc|Mixed Platforms.Build.0 = Ad-Hoc|iPhone
		{94AF37D5-4F39-4408-B0BA-8E5548616CD3}.Ad-Hoc|x86.ActiveCfg = Ad-Hoc|iPhone
		{94AF37D5-4F39-4408-B0BA-8E5548616CD3}.AppStore|Any CPU.ActiveCfg = AppStore|iPhone
		{94AF37D5-4F39-4408-B0BA-8E5548616CD3}.AppStore|ARM.ActiveCfg = AppStore|iPhone
		{94AF37D5-4F39-4408-B0BA-8E5548616CD3}.AppStore|iPhone.ActiveCfg = AppStore|iPhone
		{94AF37D5-4F39-4408-B0BA-8E5548616CD3}.AppStore|iPhone.Build.0 = AppStore|iPhone
		{94AF37D5-4F39-4408-B0BA-8E5548616CD3}.AppStore|iPhoneSimulator.ActiveCfg = AppStore|iPhoneSimulator
		{94AF37D5-4F39-4408-B0BA-8E5548616CD3}.AppStore|iPhoneSimulator.Build.0 = AppStore|iPhoneSimulator
		{94AF37D5-4F39-4408-B0BA-8E5548616CD3}.AppStore|Mixed Platforms.ActiveCfg = AppStore|iPhone
		{94AF37D5-4F39-4408-B0BA-8E5548616CD3}.AppStore|Mixed Platforms.Build.0 = AppStore|iPhone
		{94AF37D5-4F39-4408-B0BA-8E5548616CD3}.AppStore|x86.ActiveCfg = AppStore|iPhone
		{94AF37D5-4F39-4408-B0BA-8E5548616CD3}.Debug|Any CPU.ActiveCfg = Debug|iPhone
		{94AF37D5-4F39-4408-B0BA-8E5548616CD3}.Debug|ARM.ActiveCfg = Debug|iPhone
		{94AF37D5-4F39-4408-B0BA-8E5548616CD3}.Debug|iPhone.ActiveCfg = Debug|iPhone
		{94AF37D5-4F39-4408-B0BA-8E5548616CD3}.Debug|iPhone.Build.0 = Debug|iPhone
		{94AF37D5-4F39-4408-B0BA-8E5548616CD3}.Debug|iPhoneSimulator.ActiveCfg = Debug|iPhoneSimulator
		{94AF37D5-4F39-4408-B0BA-8E5548616CD3}.Debug|iPhoneSimulator.Build.0 = Debug|iPhoneSimulator
		{94AF37D5-4F39-4408-B0BA-8E5548616CD3}.Debug|Mixed Platforms.ActiveCfg = Debug|iPhone
		{94AF37D5-4F39-4408-B0BA-8E5548616CD3}.Debug|Mixed Platforms.Build.0 = Debug|iPhone
		{94AF37D5-4F39-4408-B0BA-8E5548616CD3}.Debug|x86.ActiveCfg = Debug|iPhone
		{94AF37D5-4F39-4408-B0BA-8E5548616CD3}.Release|Any CPU.ActiveCfg = Release|iPhone
		{94AF37D5-4F39-4408-B0BA-8E5548616CD3}.Release|ARM.ActiveCfg = Release|iPhone
		{94AF37D5-4F39-4408-B0BA-8E5548616CD3}.Release|iPhone.ActiveCfg = Release|iPhone
		{94AF37D5-4F39-4408-B0BA-8E5548616CD3}.Release|iPhone.Build.0 = Release|iPhone
		{94AF37D5-4F39-4408-B0BA-8E5548616CD3}.Release|iPhoneSimulator.ActiveCfg = Release|iPhoneSimulator
		{94AF37D5-4F39-4408-B0BA-8E5548616CD3}.Release|iPhoneSimulator.Build.0 = Release|iPhoneSimulator
		{94AF37D5-4F39-4408-B0BA-8E5548616CD3}.Release|Mixed Platforms.ActiveCfg = Release|iPhone
		{94AF37D5-4F39-4408-B0BA-8E5548616CD3}.Release|Mixed Platforms.Build.0 = Release|iPhone
		{94AF37D5-4F39-4408-B0BA-8E5548616CD3}.Release|x86.ActiveCfg = Release|iPhone
		{481A6DC1-FC10-4949-B760-2B03E5582FBD}.Ad-Hoc|Any CPU.ActiveCfg = Release|Any CPU
		{481A6DC1-FC10-4949-B760-2B03E5582FBD}.Ad-Hoc|Any CPU.Build.0 = Release|Any CPU
		{481A6DC1-FC10-4949-B760-2B03E5582FBD}.Ad-Hoc|Any CPU.Deploy.0 = Release|Any CPU
		{481A6DC1-FC10-4949-B760-2B03E5582FBD}.Ad-Hoc|ARM.ActiveCfg = Release|Any CPU
		{481A6DC1-FC10-4949-B760-2B03E5582FBD}.Ad-Hoc|iPhone.ActiveCfg = Release|Any CPU
		{481A6DC1-FC10-4949-B760-2B03E5582FBD}.Ad-Hoc|iPhoneSimulator.ActiveCfg = Release|Any CPU
		{481A6DC1-FC10-4949-B760-2B03E5582FBD}.Ad-Hoc|Mixed Platforms.ActiveCfg = Release|Any CPU
		{481A6DC1-FC10-4949-B760-2B03E5582FBD}.Ad-Hoc|Mixed Platforms.Build.0 = Release|Any CPU
		{481A6DC1-FC10-4949-B760-2B03E5582FBD}.Ad-Hoc|Mixed Platforms.Deploy.0 = Release|Any CPU
		{481A6DC1-FC10-4949-B760-2B03E5582FBD}.Ad-Hoc|x86.ActiveCfg = Release|Any CPU
		{481A6DC1-FC10-4949-B760-2B03E5582FBD}.AppStore|Any CPU.ActiveCfg = Release|Any CPU
		{481A6DC1-FC10-4949-B760-2B03E5582FBD}.AppStore|Any CPU.Build.0 = Release|Any CPU
		{481A6DC1-FC10-4949-B760-2B03E5582FBD}.AppStore|Any CPU.Deploy.0 = Release|Any CPU
		{481A6DC1-FC10-4949-B760-2B03E5582FBD}.AppStore|ARM.ActiveCfg = Release|Any CPU
		{481A6DC1-FC10-4949-B760-2B03E5582FBD}.AppStore|iPhone.ActiveCfg = Release|Any CPU
		{481A6DC1-FC10-4949-B760-2B03E5582FBD}.AppStore|iPhoneSimulator.ActiveCfg = Release|Any CPU
		{481A6DC1-FC10-4949-B760-2B03E5582FBD}.AppStore|Mixed Platforms.ActiveCfg = Release|Any CPU
		{481A6DC1-FC10-4949-B760-2B03E5582FBD}.AppStore|Mixed Platforms.Build.0 = Release|Any CPU
		{481A6DC1-FC10-4949-B760-2B03E5582FBD}.AppStore|Mixed Platforms.Deploy.0 = Release|Any CPU
		{481A6DC1-FC10-4949-B760-2B03E5582FBD}.AppStore|x86.ActiveCfg = Release|Any CPU
		{481A6DC1-FC10-4949-B760-2B03E5582FBD}.Debug|Any CPU.ActiveCfg = Debug|Any CPU
		{481A6DC1-FC10-4949-B760-2B03E5582FBD}.Debug|Any CPU.Build.0 = Debug|Any CPU
		{481A6DC1-FC10-4949-B760-2B03E5582FBD}.Debug|Any CPU.Deploy.0 = Debug|Any CPU
		{481A6DC1-FC10-4949-B760-2B03E5582FBD}.Debug|ARM.ActiveCfg = Debug|Any CPU
		{481A6DC1-FC10-4949-B760-2B03E5582FBD}.Debug|iPhone.ActiveCfg = Debug|Any CPU
		{481A6DC1-FC10-4949-B760-2B03E5582FBD}.Debug|iPhoneSimulator.ActiveCfg = Debug|Any CPU
		{481A6DC1-FC10-4949-B760-2B03E5582FBD}.Debug|Mixed Platforms.ActiveCfg = Debug|Any CPU
		{481A6DC1-FC10-4949-B760-2B03E5582FBD}.Debug|Mixed Platforms.Build.0 = Debug|Any CPU
		{481A6DC1-FC10-4949-B760-2B03E5582FBD}.Debug|Mixed Platforms.Deploy.0 = Debug|Any CPU
		{481A6DC1-FC10-4949-B760-2B03E5582FBD}.Debug|x86.ActiveCfg = Debug|Any CPU
		{481A6DC1-FC10-4949-B760-2B03E5582FBD}.Release|Any CPU.ActiveCfg = Release|Any CPU
		{481A6DC1-FC10-4949-B760-2B03E5582FBD}.Release|Any CPU.Build.0 = Release|Any CPU
		{481A6DC1-FC10-4949-B760-2B03E5582FBD}.Release|Any CPU.Deploy.0 = Release|Any CPU
		{481A6DC1-FC10-4949-B760-2B03E5582FBD}.Release|ARM.ActiveCfg = Release|Any CPU
		{481A6DC1-FC10-4949-B760-2B03E5582FBD}.Release|iPhone.ActiveCfg = Release|Any CPU
		{481A6DC1-FC10-4949-B760-2B03E5582FBD}.Release|iPhoneSimulator.ActiveCfg = Release|Any CPU
		{481A6DC1-FC10-4949-B760-2B03E5582FBD}.Release|Mixed Platforms.ActiveCfg = Release|Any CPU
		{481A6DC1-FC10-4949-B760-2B03E5582FBD}.Release|Mixed Platforms.Build.0 = Release|Any CPU
		{481A6DC1-FC10-4949-B760-2B03E5582FBD}.Release|Mixed Platforms.Deploy.0 = Release|Any CPU
		{481A6DC1-FC10-4949-B760-2B03E5582FBD}.Release|x86.ActiveCfg = Release|Any CPU
	EndGlobalSection
	GlobalSection(SolutionProperties) = preSolution
		HideSolutionNode = FALSE
	EndGlobalSection
EndGlobal
